
Microsoft Visual Studio Solution File, Format Version 11.00
# Visual Studio 2010
Project("{FAE04EC0-301F-11D3-BF4B-00C04F79EFBC}") = "MessengerWP7", "MessengerWP7\MessengerWP7.csproj", "{D2B86872-6425-4631-813D-EFE7DFB5682D}"
EndProject
Global
	GlobalSection(SolutionConfigurationPlatforms) = preSolution
		Debug|Any CPU = Debug|Any CPU
		Release|Any CPU = Release|Any CPU
	EndGlobalSection
	GlobalSection(ProjectConfigurationPlatforms) = postSolution
		{D2B86872-6425-4631-813D-EFE7DFB5682D}.Debug|Any CPU.ActiveCfg = Debug|Any CPU
		{D2B86872-6425-4631-813D-EFE7DFB5682D}.Debug|Any CPU.Build.0 = Debug|Any CPU
		{D2B86872-6425-4631-813D-EFE7DFB5682D}.Debug|Any CPU.Deploy.0 = Debug|Any CPU
		{D2B86872-6425-4631-813D-EFE7DFB5682D}.Release|Any CPU.ActiveCfg = Release|Any CPU
		{D2B86872-6425-4631-813D-EFE7DFB5682D}.Release|Any CPU.Build.0 = Release|Any CPU
		{D2B86872-6425-4631-813D-EFE7DFB5682D}.Release|Any CPU.Deploy.0 = Release|Any CPU
	EndGlobalSection
	GlobalSection(SolutionProperties) = preSolution
		HideSolutionNode = FALSE
	EndGlobalSection
EndGlobal
