
Microsoft Visual Studio Solution File, Format Version 11.00
# Visual Studio 2010
Project("{FAE04EC0-301F-11D3-BF4B-00C04F79EFBC}") = "MessengerServer", "MessengerServer\MessengerServer.csproj", "{6992D73D-0BFA-4229-A7E8-B33D4D275756}"
EndProject
Global
	GlobalSection(SolutionConfigurationPlatforms) = preSolution
		Debug|x86 = Debug|x86
		Release|x86 = Release|x86
	EndGlobalSection
	GlobalSection(ProjectConfigurationPlatforms) = postSolution
		{6992D73D-0BFA-4229-A7E8-B33D4D275756}.Debug|x86.ActiveCfg = Debug|x86
		{6992D73D-0BFA-4229-A7E8-B33D4D275756}.Debug|x86.Build.0 = Debug|x86
		{6992D73D-0BFA-4229-A7E8-B33D4D275756}.Release|x86.ActiveCfg = Release|x86
		{6992D73D-0BFA-4229-A7E8-B33D4D275756}.Release|x86.Build.0 = Release|x86
	EndGlobalSection
	GlobalSection(SolutionProperties) = preSolution
		HideSolutionNode = FALSE
	EndGlobalSection
EndGlobal
